
Microsoft Visual Studio Solution File, Format Version 12.00
# Visual Studio Version 17
VisualStudioVersion = 17.12.35527.113 d17.12
MinimumVisualStudioVersion = 10.0.40219.1
Project("{FAE04EC0-301F-11D3-BF4B-00C04F79EFBC}") = "Employee-Management", "Employee Management\Employee-Management.csproj", "{1CA689F9-E3F2-4415-80A7-F75D0C3ED48A}"
EndProject
Global
	GlobalSection(SolutionConfigurationPlatforms) = preSolution
		Debug|Any CPU = Debug|Any CPU
		Release|Any CPU = Release|Any CPU
	EndGlobalSection
	GlobalSection(ProjectConfigurationPlatforms) = postSolution
		{1CA689F9-E3F2-4415-80A7-F75D0C3ED48A}.Debug|Any CPU.ActiveCfg = Debug|Any CPU
		{1CA689F9-E3F2-4415-80A7-F75D0C3ED48A}.Debug|Any CPU.Build.0 = Debug|Any CPU
		{1CA689F9-E3F2-4415-80A7-F75D0C3ED48A}.Release|Any CPU.ActiveCfg = Release|Any CPU
		{1CA689F9-E3F2-4415-80A7-F75D0C3ED48A}.Release|Any CPU.Build.0 = Release|Any CPU
	EndGlobalSection
	GlobalSection(SolutionProperties) = preSolution
		HideSolutionNode = FALSE
	EndGlobalSection
EndGlobal
